
Microsoft Visual Studio Solution File, Format Version 12.00
# Visual Studio 15
VisualStudioVersion = 15.0.26430.14
MinimumVisualStudioVersion = 10.0.40219.1
Project("{9A19103F-16F7-4668-BE54-9A1E7A4F7556}") = "LightQuery", "src\LightQuery\LightQuery.csproj", "{33650DEE-5957-45BA-AFE4-2AFEA731DA4D}"
EndProject
Project("{2150E333-8FDC-42A3-9474-1A3956D46DE8}") = "src", "src", "{6526DECE-8511-41B3-B5A6-C8170D362611}"
EndProject
Project("{2150E333-8FDC-42A3-9474-1A3956D46DE8}") = "test", "test", "{7F628AED-CB88-45FF-BF48-8EA02C691700}"
EndProject
Project("{9A19103F-16F7-4668-BE54-9A1E7A4F7556}") = "LightQuery.Tests", "test\LightQuery.Tests\LightQuery.Tests.csproj", "{CBADC358-8605-4A47-972C-3E180FEF1138}"
EndProject
Project("{2150E333-8FDC-42A3-9474-1A3956D46DE8}") = "Solution Items", "Solution Items", "{A2148043-F19B-41D9-8049-C2B9A0DFABD2}"
	ProjectSection(SolutionItems) = preProject
		LICENSE.md = LICENSE.md
		README.md = README.md
		test.ps1 = test.ps1
	EndProjectSection
EndProject
Project("{9A19103F-16F7-4668-BE54-9A1E7A4F7556}") = "LightQuery.Tests.Integration", "test\LightQuery.Tests.Integration\LightQuery.Tests.Integration.csproj", "{06D38407-1B0F-4D26-81AC-8F099B6C4CCC}"
EndProject
Project("{FAE04EC0-301F-11D3-BF4B-00C04F79EFBC}") = "LightQuery.Client", "src\LightQuery.Client\LightQuery.Client.csproj", "{7B9CDFC9-A89F-4FC4-BE88-65BA56507CA2}"
EndProject
Project("{FAE04EC0-301F-11D3-BF4B-00C04F79EFBC}") = "LightQuery.Client.Tests", "test\LightQuery.Client.Tests\LightQuery.Client.Tests.csproj", "{1DA68F03-5B95-4C1B-B4E9-C1B5CE1DCB9E}"
EndProject
Global
	GlobalSection(SolutionConfigurationPlatforms) = preSolution
		Debug|Any CPU = Debug|Any CPU
		Release|Any CPU = Release|Any CPU
	EndGlobalSection
	GlobalSection(ProjectConfigurationPlatforms) = postSolution
		{33650DEE-5957-45BA-AFE4-2AFEA731DA4D}.Debug|Any CPU.ActiveCfg = Debug|Any CPU
		{33650DEE-5957-45BA-AFE4-2AFEA731DA4D}.Debug|Any CPU.Build.0 = Debug|Any CPU
		{33650DEE-5957-45BA-AFE4-2AFEA731DA4D}.Release|Any CPU.ActiveCfg = Release|Any CPU
		{33650DEE-5957-45BA-AFE4-2AFEA731DA4D}.Release|Any CPU.Build.0 = Release|Any CPU
		{CBADC358-8605-4A47-972C-3E180FEF1138}.Debug|Any CPU.ActiveCfg = Debug|Any CPU
		{CBADC358-8605-4A47-972C-3E180FEF1138}.Debug|Any CPU.Build.0 = Debug|Any CPU
		{CBADC358-8605-4A47-972C-3E180FEF1138}.Release|Any CPU.ActiveCfg = Release|Any CPU
		{CBADC358-8605-4A47-972C-3E180FEF1138}.Release|Any CPU.Build.0 = Release|Any CPU
		{06D38407-1B0F-4D26-81AC-8F099B6C4CCC}.Debug|Any CPU.ActiveCfg = Debug|Any CPU
		{06D38407-1B0F-4D26-81AC-8F099B6C4CCC}.Debug|Any CPU.Build.0 = Debug|Any CPU
		{06D38407-1B0F-4D26-81AC-8F099B6C4CCC}.Release|Any CPU.ActiveCfg = Release|Any CPU
		{06D38407-1B0F-4D26-81AC-8F099B6C4CCC}.Release|Any CPU.Build.0 = Release|Any CPU
		{7B9CDFC9-A89F-4FC4-BE88-65BA56507CA2}.Debug|Any CPU.ActiveCfg = Debug|Any CPU
		{7B9CDFC9-A89F-4FC4-BE88-65BA56507CA2}.Debug|Any CPU.Build.0 = Debug|Any CPU
		{7B9CDFC9-A89F-4FC4-BE88-65BA56507CA2}.Release|Any CPU.ActiveCfg = Release|Any CPU
		{7B9CDFC9-A89F-4FC4-BE88-65BA56507CA2}.Release|Any CPU.Build.0 = Release|Any CPU
		{1DA68F03-5B95-4C1B-B4E9-C1B5CE1DCB9E}.Debug|Any CPU.ActiveCfg = Debug|Any CPU
		{1DA68F03-5B95-4C1B-B4E9-C1B5CE1DCB9E}.Debug|Any CPU.Build.0 = Debug|Any CPU
		{1DA68F03-5B95-4C1B-B4E9-C1B5CE1DCB9E}.Release|Any CPU.ActiveCfg = Release|Any CPU
		{1DA68F03-5B95-4C1B-B4E9-C1B5CE1DCB9E}.Release|Any CPU.Build.0 = Release|Any CPU
	EndGlobalSection
	GlobalSection(SolutionProperties) = preSolution
		HideSolutionNode = FALSE
	EndGlobalSection
	GlobalSection(NestedProjects) = preSolution
		{33650DEE-5957-45BA-AFE4-2AFEA731DA4D} = {6526DECE-8511-41B3-B5A6-C8170D362611}
		{CBADC358-8605-4A47-972C-3E180FEF1138} = {7F628AED-CB88-45FF-BF48-8EA02C691700}
		{06D38407-1B0F-4D26-81AC-8F099B6C4CCC} = {7F628AED-CB88-45FF-BF48-8EA02C691700}
		{7B9CDFC9-A89F-4FC4-BE88-65BA56507CA2} = {6526DECE-8511-41B3-B5A6-C8170D362611}
		{1DA68F03-5B95-4C1B-B4E9-C1B5CE1DCB9E} = {7F628AED-CB88-45FF-BF48-8EA02C691700}
	EndGlobalSection
EndGlobal
